
Microsoft Visual Studio Solution File, Format Version 12.00
# Visual Studio Version 18
VisualStudioVersion = 18.5.11626.173
MinimumVisualStudioVersion = 10.0.40219.1
Project("{9A19103F-16F7-4668-BE54-9A1E7A4F7556}") = "MIN.Helpers.Contracts", "Helpers\MIN.Helpers.Contracts\MIN.Helpers.Contracts.csproj", "{C0BDD3E5-6D7A-449B-99A1-4B303DA283E8}"
EndProject
Project("{9A19103F-16F7-4668-BE54-9A1E7A4F7556}") = "MIN.Helpers", "Helpers\MIN.Helpers\MIN.Helpers.csproj", "{BB7F2BB5-55B6-43E4-909B-B643EF6B6964}"
EndProject
Project("{2150E333-8FDC-42A3-9474-1A3956D46DE8}") = "Solution Items", "Solution Items", "{8EB1B905-7DA5-4FC1-87EB-1B7A0CCAA0E1}"
	ProjectSection(SolutionItems) = preProject
		.editorconfig = .editorconfig
		Directory.Build.props = Directory.Build.props
		Directory.Packages.props = Directory.Packages.props
	EndProjectSection
EndProject
Project("{9A19103F-16F7-4668-BE54-9A1E7A4F7556}") = "MIN.Core.Messaging.Contracts", "Core\Messaging\MIN.Core.Messaging.Contracts\MIN.Core.Messaging.Contracts.csproj", "{82A02C52-0D30-48F6-A19A-F03B78C6DE3F}"
EndProject
Project("{9A19103F-16F7-4668-BE54-9A1E7A4F7556}") = "MIN.Core.Transport.Contracts", "Core\Transport\MIN.Core.Transport.Contracts\MIN.Core.Transport.Contracts.csproj", "{1AE1CD30-FE27-4ACF-B00F-7446A40D0623}"
EndProject
Project("{9A19103F-16F7-4668-BE54-9A1E7A4F7556}") = "MIN.Core.Cryptography.Contracts", "Core\Cryptography\MIN.Core.Cryptography.Contracts\MIN.Core.Cryptography.Contracts.csproj", "{64856AF2-8495-4B8B-9CF4-5BBE1074B14D}"
EndProject
Project("{9A19103F-16F7-4668-BE54-9A1E7A4F7556}") = "MIN.Core.Events.Contracts", "Core\Events\MIN.Core.Events.Contracts\MIN.Core.Events.Contracts.csproj", "{856D0B0D-8593-4BB5-A5C7-B1A6EF1A037D}"
EndProject
Project("{2150E333-8FDC-42A3-9474-1A3956D46DE8}") = "Core", "Core", "{14359A71-2B4E-49C5-A6D4-7962E0D2131E}"
EndProject
Project("{9A19103F-16F7-4668-BE54-9A1E7A4F7556}") = "MIN.Core.Messaging", "Core\Messaging\MIN.Core.Messaging\MIN.Core.Messaging.csproj", "{C9A46B2B-C627-4ADD-9554-29AF02D990AE}"
EndProject
Project("{9A19103F-16F7-4668-BE54-9A1E7A4F7556}") = "MIN.Core.Events", "Core\Events\MIN.Core.Events\MIN.Core.Events.csproj", "{35BCD902-C265-40AC-8093-1B4E2506348C}"
EndProject
Project("{9A19103F-16F7-4668-BE54-9A1E7A4F7556}") = "MIN.Core.Cryptography", "Core\Cryptography\MIN.Core.Cryptography\MIN.Core.Cryptography.csproj", "{4FA41C38-7B82-47A1-B327-FF6A2B2BB95A}"
EndProject
Project("{2150E333-8FDC-42A3-9474-1A3956D46DE8}") = "Desktop", "Desktop", "{9CABB0E8-57A8-45C2-91CA-9682DE86BBC0}"
EndProject
Project("{2150E333-8FDC-42A3-9474-1A3956D46DE8}") = "Infrastructure", "Infrastructure", "{EB06CFFA-D1EC-4B74-9D96-5B9B197E9B0A}"
EndProject
Project("{9A19103F-16F7-4668-BE54-9A1E7A4F7556}") = "MIN.Core.Entities.Contracts", "Core\Entities\MIN.Core.Entities.Contracts\MIN.Core.Entities.Contracts.csproj", "{587EBA99-8237-4A63-95D6-6C6BC3F6E764}"
EndProject
Project("{9A19103F-16F7-4668-BE54-9A1E7A4F7556}") = "MIN.Core.Entities", "Core\Entities\MIN.Core.Entities\MIN.Core.Entities.csproj", "{8FE4E2F2-4677-46EA-89A2-6BCC4F57D94D}"
EndProject
Project("{9A19103F-16F7-4668-BE54-9A1E7A4F7556}") = "MIN.Core.Handlers.Contracts", "Core\Handlers\MIN.Core.Handlers.Contracts\MIN.Core.Handlers.Contracts.csproj", "{AC5A3716-A714-4DD9-959C-734A9BB9D370}"
EndProject
Project("{9A19103F-16F7-4668-BE54-9A1E7A4F7556}") = "MIN.Core.Services.Contracts", "Core\Services\MIN.Core.Services.Contracts\MIN.Core.Services.Contracts.csproj", "{EF7F5642-F72B-4B41-887E-A01A9E29491E}"
EndProject
Project("{9A19103F-16F7-4668-BE54-9A1E7A4F7556}") = "MIN.Core.Services", "Core\Services\MIN.Core.Services\MIN.Core.Services.csproj", "{8EECE03B-BEFB-4E0A-8DF6-F00E37523FD5}"
EndProject
Project("{9A19103F-16F7-4668-BE54-9A1E7A4F7556}") = "MIN.Core.Handlers", "Core\Handlers\MIN.Core.Handlers\MIN.Core.Handlers.csproj", "{31E49A73-0DE5-4A84-872A-45E5F5888B0D}"
EndProject
Project("{9A19103F-16F7-4668-BE54-9A1E7A4F7556}") = "MIN.Core.Serialization.Contracts", "Core\Serialization\MIN.Core.Serialization.Contracts\MIN.Core.Serialization.Contracts.csproj", "{A8D7A00E-3222-4A5D-A4F4-5B94ACD4653D}"
EndProject
Project("{9A19103F-16F7-4668-BE54-9A1E7A4F7556}") = "MIN.Core.Serialization.Json", "Core\Serialization\MIN.Core.Serialization\MIN.Core.Serialization.Json.csproj", "{486B2DBC-720C-499F-8998-FE6B9A497731}"
EndProject
Project("{2150E333-8FDC-42A3-9474-1A3956D46DE8}") = "Serialization", "Serialization", "{447729C9-E92B-46C6-9083-93F8FC12379D}"
EndProject
Project("{2150E333-8FDC-42A3-9474-1A3956D46DE8}") = "Transport", "Transport", "{81E88A88-2028-4037-B32C-0894A7072398}"
EndProject
Project("{2150E333-8FDC-42A3-9474-1A3956D46DE8}") = "Common", "Common", "{DF928243-9876-418D-BD29-7A9A399B4758}"
EndProject
Project("{9A19103F-16F7-4668-BE54-9A1E7A4F7556}") = "MIN.Common.Mvc", "Common\MIN.Common.Mvc\MIN.Common.Mvc.csproj", "{63479CE6-C339-488E-A9EC-1C4F80B2F84E}"
EndProject
Project("{2150E333-8FDC-42A3-9474-1A3956D46DE8}") = "Helpers", "Helpers", "{644C238B-C0D0-43E3-9C80-2E63DD35ED53}"
EndProject
Project("{9A19103F-16F7-4668-BE54-9A1E7A4F7556}") = "MIN.Helpers.Updates.Contracts", "Helpers\Updates\MIN.Helpers.Updates.Contracts\MIN.Helpers.Updates.Contracts.csproj", "{4F627BD8-0652-4C3E-8184-7002C13930BF}"
EndProject
Project("{2150E333-8FDC-42A3-9474-1A3956D46DE8}") = "Cryptography", "Cryptography", "{31039423-2842-4893-8986-E030AA002F29}"
EndProject
Project("{9A19103F-16F7-4668-BE54-9A1E7A4F7556}") = "MIN.Common.Core", "Common\MIN.Common.Core\MIN.Common.Core.csproj", "{3F93AEEF-4BA7-439C-8145-CD44ADFB8FFD}"
EndProject
Project("{2150E333-8FDC-42A3-9474-1A3956D46DE8}") = "Chat", "Chat", "{A4630A3E-4127-4885-85F5-E30F8D669DD9}"
EndProject
Project("{9A19103F-16F7-4668-BE54-9A1E7A4F7556}") = "MIN.Chat.Events", "Infrastructure\Chat\MIN.Chat.Events\MIN.Chat.Events.csproj", "{9A6F16FC-6997-4252-B880-B31DC478DAFE}"
EndProject
Project("{9A19103F-16F7-4668-BE54-9A1E7A4F7556}") = "MIN.Chat.Messaging", "Infrastructure\Chat\MIN.Chat.Messaging\MIN.Chat.Messaging.csproj", "{E2585396-8FD6-4A28-8601-8AAF4C4D18A8}"
EndProject
Project("{9A19103F-16F7-4668-BE54-9A1E7A4F7556}") = "MIN.Chat.Services.Contracts", "Infrastructure\Chat\MIN.Chat.Services.Contracts\MIN.Chat.Services.Contracts.csproj", "{823FE5C0-7C63-4DDC-AEED-902B6A8AEF92}"
EndProject
Project("{9A19103F-16F7-4668-BE54-9A1E7A4F7556}") = "MIN.Chat.Services", "Infrastructure\Chat\MIN.Chat.Services\MIN.Chat.Services.csproj", "{4C8D0376-6F71-4B2C-A09F-0F1FF6AD72C7}"
EndProject
Project("{2150E333-8FDC-42A3-9474-1A3956D46DE8}") = "Services", "Services", "{2FEC6FDB-9FA7-4A94-905E-5A4ADA738536}"
EndProject
Project("{9A19103F-16F7-4668-BE54-9A1E7A4F7556}") = "MIN.Helpers.Updates.GitHub", "Helpers\Updates\MIN.Helpers.Updates.GitHub\MIN.Helpers.Updates.GitHub.csproj", "{9B406794-1FBC-40C8-9C96-53AEF269C914}"
EndProject
Project("{2150E333-8FDC-42A3-9474-1A3956D46DE8}") = "Updates", "Updates", "{30200F3C-AE8C-423A-89A5-57CA9F21C2A6}"
EndProject
Project("{2150E333-8FDC-42A3-9474-1A3956D46DE8}") = "Entities", "Entities", "{DD6B1CE6-B86A-4123-94B7-E1DF57C5E06F}"
EndProject
Project("{2150E333-8FDC-42A3-9474-1A3956D46DE8}") = "Events", "Events", "{5D02923D-C5F6-4E9C-BA51-F39D0BEAADB9}"
EndProject
Project("{2150E333-8FDC-42A3-9474-1A3956D46DE8}") = "Handlers", "Handlers", "{CF0E51C4-5FE7-47A4-8A44-11F2EB76527A}"
EndProject
Project("{2150E333-8FDC-42A3-9474-1A3956D46DE8}") = "Messaging", "Messaging", "{CD03853D-299C-4AE4-BD3B-7AF72C559180}"
EndProject
Project("{FAE04EC0-301F-11D3-BF4B-00C04F79EFBC}") = "MIN.Chat.Handlers", "Infrastructure\Chat\MIN.Chat.Handlers\MIN.Chat.Handlers.csproj", "{2AAA0BD4-2C43-488D-A088-A7E0473F7B7A}"
EndProject
Project("{2150E333-8FDC-42A3-9474-1A3956D46DE8}") = "Discovery", "Discovery", "{02EA681E-C7D8-13C7-8484-4AC65E1B71E8}"
EndProject
Project("{FAE04EC0-301F-11D3-BF4B-00C04F79EFBC}") = "MIN.Discovery.Services", "Infrastructure\Discovery\MIN.Discovery.Services\MIN.Discovery.Services.csproj", "{9A51C762-7DE7-4BA3-BC03-201F7A422DD8}"
EndProject
Project("{FAE04EC0-301F-11D3-BF4B-00C04F79EFBC}") = "MIN.Discovery.Services.Contracts", "Infrastructure\Discovery\MIN.Discovery.Services.Contracts\MIN.Discovery.Services.Contracts.csproj", "{4EDD1BDC-7130-49B9-9B47-487A09EA3F51}"
EndProject
Project("{FAE04EC0-301F-11D3-BF4B-00C04F79EFBC}") = "MIN.Discovery.Messaging", "Infrastructure\Discovery\MIN.Discovery.Messaging\MIN.Discovery.Messaging.csproj", "{F5EA823B-F152-4CB7-87D7-C785CCC2A78F}"
EndProject
Project("{FAE04EC0-301F-11D3-BF4B-00C04F79EFBC}") = "MIN.Discovery.Events", "Infrastructure\Discovery\MIN.Discovery.Events\MIN.Discovery.Events.csproj", "{66D23390-3776-4495-BC02-D19CCD29BBB5}"
EndProject
Project("{2150E333-8FDC-42A3-9474-1A3956D46DE8}") = "Transport", "Transport", "{3A923FE2-8FAF-42DB-9F5D-56314C0CB8D0}"
EndProject
Project("{FAE04EC0-301F-11D3-BF4B-00C04F79EFBC}") = "MIN.Discovery.Transport.Contracts", "Infrastructure\Discovery\Transport\MIN.Discovery.Transport.Contracts\MIN.Discovery.Transport.Contracts.csproj", "{098B06F4-3A16-410A-B935-06492324D89A}"
EndProject
Project("{FAE04EC0-301F-11D3-BF4B-00C04F79EFBC}") = "MIN.Core.DI", "Core\DI\MIN.Core.DI\MIN.Core.DI.csproj", "{6A31E3DC-B3BE-4B78-8FBA-D6916B42B1C2}"
EndProject
Project("{FAE04EC0-301F-11D3-BF4B-00C04F79EFBC}") = "MIN.Helpers.DI", "Helpers\MIN.Helpers.DI\MIN.Helpers.DI.csproj", "{17C76B7B-A6B1-4451-8B74-A3864ED37D77}"
EndProject
Project("{FAE04EC0-301F-11D3-BF4B-00C04F79EFBC}") = "MIN.Chat.DI", "Infrastructure\Chat\MIN.Chat.DI\MIN.Chat.DI.csproj", "{ADE9EB8F-A0DC-4D8D-B5F6-4555B7FD71A0}"
EndProject
Project("{FAE04EC0-301F-11D3-BF4B-00C04F79EFBC}") = "MIN.Discovery.DI", "Infrastructure\Discovery\MIN.Discovery.DI\MIN.Discovery.DI.csproj", "{069CE81E-1AFF-4BAD-B51D-D7C38B244A10}"
EndProject
Project("{2150E333-8FDC-42A3-9474-1A3956D46DE8}") = "DI", "DI", "{F8408367-8CF0-4D9F-97C5-DAE40A56E26B}"
EndProject
Project("{2150E333-8FDC-42A3-9474-1A3956D46DE8}") = "DI", "DI", "{D87182D4-51D3-4D8D-93C5-BD95E79336FF}"
EndProject
Project("{FAE04EC0-301F-11D3-BF4B-00C04F79EFBC}") = "MIN.DI", "DI\MIN.DI\MIN.DI.csproj", "{B2E38B2E-2831-4E14-B810-82A696F493AF}"
EndProject
Project("{2150E333-8FDC-42A3-9474-1A3956D46DE8}") = "Streaming", "Streaming", "{22668DA6-4E17-4479-AF71-1C521024B9CB}"
EndProject
Project("{FAE04EC0-301F-11D3-BF4B-00C04F79EFBC}") = "MIN.Core.Streaming.Contracts", "Core\Streaming\MIN.Core.Streaming.Contracts\MIN.Core.Streaming.Contracts.csproj", "{D0B89159-82E2-4C3F-8C18-B9BC2A2FCB85}"
EndProject
Project("{FAE04EC0-301F-11D3-BF4B-00C04F79EFBC}") = "MIN.Core.Streaming", "Core\Streaming\MIN.Core.Streaming\MIN.Core.Streaming.csproj", "{69474DF4-1B2E-44B0-BB69-366FF9ACC325}"
EndProject
Project("{2150E333-8FDC-42A3-9474-1A3956D46DE8}") = "Stores", "Stores", "{EBD97B04-5D3D-45CB-A371-ABADF6BE1121}"
EndProject
Project("{FAE04EC0-301F-11D3-BF4B-00C04F79EFBC}") = "MIN.Core.Stores.Contracts", "Core\Stores\MIN.Core.Stores.Contracts\MIN.Core.Stores.Contracts.csproj", "{D195BBF9-0264-4D2E-858E-1F0E2EEA402A}"
EndProject
Project("{FAE04EC0-301F-11D3-BF4B-00C04F79EFBC}") = "MIN.Core.Stores", "Core\Stores\MIN.Core.Stores\MIN.Core.Stores.csproj", "{66224B82-E084-4F36-AE78-57DD798507D8}"
EndProject
Project("{2150E333-8FDC-42A3-9474-1A3956D46DE8}") = "Headers", "Headers", "{D6E27639-F7FC-44B1-9D3B-D3F559B52554}"
EndProject
Project("{FAE04EC0-301F-11D3-BF4B-00C04F79EFBC}") = "MIN.Core.Headers.Contracts", "Core\Headers\MIN.Core.Headers.Contracts\MIN.Core.Headers.Contracts.csproj", "{07899D51-153A-4A98-B4ED-59B66C068357}"
EndProject
Project("{FAE04EC0-301F-11D3-BF4B-00C04F79EFBC}") = "MIN.Core.Headers", "Core\Headers\MIN.Core.Headers\MIN.Core.Headers.csproj", "{8543FBE6-F2B3-4E14-BB74-4C96566D30B9}"
EndProject
Project("{FAE04EC0-301F-11D3-BF4B-00C04F79EFBC}") = "MIN.Common.Core.Contracts", "Common\MIN.Common.Core.Contracts\MIN.Common.Core.Contracts.csproj", "{407EB28C-5377-4942-96D6-49BABF5507D3}"
EndProject
Project("{2150E333-8FDC-42A3-9474-1A3956D46DE8}") = "FileTransfer", "FileTransfer", "{F02B6426-F46E-4034-914A-469816357EEE}"
EndProject
Project("{FAE04EC0-301F-11D3-BF4B-00C04F79EFBC}") = "MIN.FileTransfer.DI", "Infrastructure\FileTransfer\MIN.FileTransfer.DI\MIN.FileTransfer.DI.csproj", "{E23F09DB-81B5-4CFB-A6F0-91C8F00254FE}"
EndProject
Project("{FAE04EC0-301F-11D3-BF4B-00C04F79EFBC}") = "MIN.FileTransfer.Messaging", "Infrastructure\FileTransfer\MIN.FileTransfer.Messaging\MIN.FileTransfer.Messaging.csproj", "{029BD735-A1AA-4F74-BDFC-67E2573AA2D4}"
EndProject
Project("{FAE04EC0-301F-11D3-BF4B-00C04F79EFBC}") = "MIN.FileTransfer.Services.Contracts", "Infrastructure\FileTransfer\MIN.FileTransfer.Services.Contracts\MIN.FileTransfer.Services.Contracts.csproj", "{657CD3F4-EA86-4F19-AA3D-821B07E3E2AE}"
EndProject
Project("{FAE04EC0-301F-11D3-BF4B-00C04F79EFBC}") = "MIN.FileTransfer.Services", "Infrastructure\FileTransfer\MIN.FileTransfer.Services\MIN.FileTransfer.Services.csproj", "{15A51A15-80DC-4AB5-967E-0CD39AE2CBDC}"
EndProject
Project("{FAE04EC0-301F-11D3-BF4B-00C04F79EFBC}") = "MIN.FileTransfer.Handlers", "Infrastructure\FileTransfer\MIN.FileTransfer.Handlers\MIN.FileTransfer.Handlers.csproj", "{5F6C5489-FCAE-404C-A95A-7C967596AC1C}"
EndProject
Project("{FAE04EC0-301F-11D3-BF4B-00C04F79EFBC}") = "MIN.FileTransfer.Events", "Infrastructure\FileTransfer\MIN.FileTransfer.Events\MIN.FileTransfer.Events.csproj", "{4D3DB7D0-665F-437E-A2F6-7B934D3C131A}"
EndProject
Project("{FAE04EC0-301F-11D3-BF4B-00C04F79EFBC}") = "MIN.Discovery.Transport.UdpBroadcast", "Infrastructure\Discovery\Transport\MIN.Discovery.Transport.UdpBroadcast\MIN.Discovery.Transport.UdpBroadcast.csproj", "{5D80F1FB-8C62-4454-861B-DD0BBE29B556}"
EndProject
Project("{FAE04EC0-301F-11D3-BF4B-00C04F79EFBC}") = "MIN.Core.Transport.TcpSockets", "Core\Transport\MIN.Core.Transport.TcpSockets\MIN.Core.Transport.TcpSockets.csproj", "{A363BBD7-DD42-4A3B-BB26-893A7A182BC4}"
EndProject
Project("{2150E333-8FDC-42A3-9474-1A3956D46DE8}") = "Protocol", "Protocol", "{695E00FA-7B51-4DA5-BD31-D8460C7D2A5D}"
EndProject
Project("{FAE04EC0-301F-11D3-BF4B-00C04F79EFBC}") = "MIN.Core.Protocol.Contracts", "Core\Protocol\MIN.Core.Protocol.Contracts\MIN.Core.Protocol.Contracts.csproj", "{CC32B3E8-80B3-4EF0-BD39-F39D80F714C9}"
EndProject
Project("{FAE04EC0-301F-11D3-BF4B-00C04F79EFBC}") = "MIN.Core.Protocol", "Core\Protocol\MIN.Core.Protocol\MIN.Core.Protocol.csproj", "{487F6B64-E536-4817-9C21-389521B89783}"
EndProject
Project("{2150E333-8FDC-42A3-9474-1A3956D46DE8}") = "SubRooms", "SubRooms", "{FC5AA9EC-7A2C-4385-A301-BBC486A538F3}"
EndProject
Project("{FAE04EC0-301F-11D3-BF4B-00C04F79EFBC}") = "MIN.Core.SubRooms.Contracts", "Core\SubRooms\MIN.Core.SubRooms.Contracts\MIN.Core.SubRooms.Contracts.csproj", "{EAA5E580-F095-4CCD-96E8-C27ED872343D}"
EndProject
Project("{FAE04EC0-301F-11D3-BF4B-00C04F79EFBC}") = "MIN.Core.SubRooms", "Core\SubRooms\MIN.Core.SubRooms\MIN.Core.SubRooms.csproj", "{BFFAF8DD-7C80-477A-B0BA-DA4CCD3C651D}"
EndProject
Project("{2150E333-8FDC-42A3-9474-1A3956D46DE8}") = "Sessions", "Sessions", "{B1BF13F7-8786-49EE-857E-8D9515FE245F}"
EndProject
Project("{2150E333-8FDC-42A3-9474-1A3956D46DE8}") = "Core", "Core", "{93FB0576-CB99-48BF-9A9B-A287B3DA4AD3}"
EndProject
Project("{FAE04EC0-301F-11D3-BF4B-00C04F79EFBC}") = "MIN.Sessions.Core.Services.Contracts", "Infrastructure\Sessions\Core\MIN.Sessions.Core.Services.Contracts\MIN.Sessions.Core.Services.Contracts.csproj", "{0431C73F-1490-49FE-BC85-A1CC57272C66}"
EndProject
Project("{FAE04EC0-301F-11D3-BF4B-00C04F79EFBC}") = "MIN.Sessions.Core.Messaging", "Infrastructure\Sessions\Core\MIN.Sessions.Core.Messaging\MIN.Sessions.Core.Messaging.csproj", "{4E9FC521-C8BC-40F0-ABD0-01F3F9238BFD}"
EndProject
Project("{FAE04EC0-301F-11D3-BF4B-00C04F79EFBC}") = "MIN.Sessions.Core.DI", "Infrastructure\Sessions\Core\MIN.Sessions.Core.DI\MIN.Sessions.Core.DI.csproj", "{686A03F4-615E-4904-9AFC-A22DF9D7534F}"
EndProject
Project("{FAE04EC0-301F-11D3-BF4B-00C04F79EFBC}") = "MIN.Sessions.Core.Messaging.Contracts", "Infrastructure\Sessions\Core\MIN.Sessions.Core.Messaging.Contracts\MIN.Sessions.Core.Messaging.Contracts.csproj", "{2C121089-3A46-4919-A526-E51E8579BA6A}"
EndProject
Project("{FAE04EC0-301F-11D3-BF4B-00C04F79EFBC}") = "MIN.Sessions.Core.Events", "Infrastructure\Sessions\Core\MIN.Sessions.Core.Events\MIN.Sessions.Core.Events.csproj", "{86C3B35B-680A-4F51-8D61-A6F78AF51F67}"
EndProject
Project("{FAE04EC0-301F-11D3-BF4B-00C04F79EFBC}") = "MIN.Sessions.Core.Handlers", "Infrastructure\Sessions\Core\MIN.Sessions.Core.Handlers\MIN.Sessions.Core.Handlers.csproj", "{3B5E9CC3-6841-4BD3-BAC2-3042A2FEEAD7}"
EndProject
Project("{FAE04EC0-301F-11D3-BF4B-00C04F79EFBC}") = "MIN.Sessions.Core.Services", "Infrastructure\Sessions\Core\MIN.Sessions.Core.Services\MIN.Sessions.Core.Services.csproj", "{98595793-E8CC-44FB-94B0-A08C2577D974}"
EndProject
Project("{2150E333-8FDC-42A3-9474-1A3956D46DE8}") = "Transport", "Transport", "{8B678334-2475-4FE5-BDD4-07E6EB359F9A}"
EndProject
Project("{FAE04EC0-301F-11D3-BF4B-00C04F79EFBC}") = "MIN.Sessions.Core.Transport.Contracts", "Infrastructure\Sessions\Core\Transport\MIN.Sessions.Core.Transport.Contracts\MIN.Sessions.Core.Transport.Contracts.csproj", "{66AD9853-E66F-4DB7-8904-54315454E239}"
EndProject
Project("{FAE04EC0-301F-11D3-BF4B-00C04F79EFBC}") = "MIN.Sessions.Core.Transport.NamedPipes", "Infrastructure\Sessions\Core\Transport\MIN.Sessions.Core.Transport.NamedPipes\MIN.Sessions.Core.Transport.NamedPipes.csproj", "{E6873E8C-CA8B-4742-BC2C-205CED0ADB56}"
EndProject
Project("{2150E333-8FDC-42A3-9474-1A3956D46DE8}") = "Serialization", "Serialization", "{E343CF2D-E0C1-48F6-BCAE-2883984EB1A4}"
EndProject
Project("{FAE04EC0-301F-11D3-BF4B-00C04F79EFBC}") = "MIN.Sessions.Core.Serialization.Contracts", "Infrastructure\Sessions\Core\Serialization\MIN.Sessions.Core.Serialization.Contracts\MIN.Sessions.Core.Serialization.Contracts.csproj", "{424F18EB-AD2C-4D34-8A51-7A5EAAB38A18}"
EndProject
Project("{FAE04EC0-301F-11D3-BF4B-00C04F79EFBC}") = "MIN.Sessions.Core.Serialization.Json", "Infrastructure\Sessions\Core\Serialization\MIN.Sessions.Core.Serialization.Json\MIN.Sessions.Core.Serialization.Json.csproj", "{B3763813-8BC0-4D4C-9889-9D31321301D4}"
EndProject
Project("{FAE04EC0-301F-11D3-BF4B-00C04F79EFBC}") = "MIN.Sessions.Core.Transport.Tcp", "Infrastructure\Sessions\Core\Transport\MIN.Sessions.Core.Transport.Tcp\MIN.Sessions.Core.Transport.Tcp.csproj", "{B2E6B077-C327-4B68-B21C-938F0DA3FC0F}"
EndProject
Project("{FAE04EC0-301F-11D3-BF4B-00C04F79EFBC}") = "MIN.Sessions.Core.Transport", "Infrastructure\Sessions\Core\Transport\MIN.Sessions.Core.Transport\MIN.Sessions.Core.Transport.csproj", "{0312571D-C6AF-4C21-A201-6BF3F89E3079}"
EndProject
Project("{FAE04EC0-301F-11D3-BF4B-00C04F79EFBC}") = "MIN.Desktop", "Desktop\MIN.Desktop\MIN.Desktop.csproj", "{EEDBF2B7-B9BF-454F-85EB-BE5965895D98}"
EndProject
Project("{FAE04EC0-301F-11D3-BF4B-00C04F79EFBC}") = "MIN.Core.Services.Messaging", "Core\Services\MIN.Core.Services.Messaging\MIN.Core.Services.Messaging.csproj", "{1FE0EE8C-C7B3-422A-8167-5C11B3D8230A}"
EndProject
Project("{FAE04EC0-301F-11D3-BF4B-00C04F79EFBC}") = "MIN.Core.Services.Pipeline", "Core\Services\MIN.Core.Services.Pipeline\MIN.Core.Services.Pipeline.csproj", "{A721B548-ABF9-4545-9820-5004D0EEE098}"
EndProject
Project("{FAE04EC0-301F-11D3-BF4B-00C04F79EFBC}") = "MIN.Core.Services.Moderation", "Core\Services\MIN.Core.Services.Moderation\MIN.Core.Services.Moderation.csproj", "{96A03E6F-7513-4454-9507-46DDC6A56143}"
EndProject
Project("{2150E333-8FDC-42A3-9474-1A3956D46DE8}") = "Identity", "Identity", "{0A1C74FD-C500-459C-851C-701C4CB1DB9F}"
EndProject
Project("{FAE04EC0-301F-11D3-BF4B-00C04F79EFBC}") = "MIN.Core.Identity.Contracts", "Core\Identity\MIN.Core.Identity.Contracts\MIN.Core.Identity.Contracts.csproj", "{4C5CDCE0-F275-421F-B466-67E86F4C8736}"
EndProject
Project("{FAE04EC0-301F-11D3-BF4B-00C04F79EFBC}") = "MIN.Core.Identity", "Core\Identity\MIN.Core.Identity\MIN.Core.Identity.csproj", "{9B1A0D83-553C-4A75-93A3-A81BA5B9BD03}"
EndProject
Project("{FAE04EC0-301F-11D3-BF4B-00C04F79EFBC}") = "MIN.Core.Transport.UdpSockets", "Core\Transport\MIN.Core.Transport.NamedPipes\MIN.Core.Transport.UdpSockets\MIN.Core.Transport.UdpSockets.csproj", "{A8A2772E-A578-4195-8615-69DE67C01237}"
EndProject
Project("{FAE04EC0-301F-11D3-BF4B-00C04F79EFBC}") = "MIN.Core.Transport", "Core\Transport\MIN.Core.Transport\MIN.Core.Transport.csproj", "{0BCC63A9-01DF-44CC-9F45-3D514753604B}"
EndProject
Global
	GlobalSection(SolutionConfigurationPlatforms) = preSolution
		Debug|Any CPU = Debug|Any CPU
		Release|Any CPU = Release|Any CPU
	EndGlobalSection
	GlobalSection(ProjectConfigurationPlatforms) = postSolution
		{C0BDD3E5-6D7A-449B-99A1-4B303DA283E8}.Debug|Any CPU.ActiveCfg = Debug|Any CPU
		{C0BDD3E5-6D7A-449B-99A1-4B303DA283E8}.Debug|Any CPU.Build.0 = Debug|Any CPU
		{C0BDD3E5-6D7A-449B-99A1-4B303DA283E8}.Release|Any CPU.ActiveCfg = Release|Any CPU
		{C0BDD3E5-6D7A-449B-99A1-4B303DA283E8}.Release|Any CPU.Build.0 = Release|Any CPU
		{BB7F2BB5-55B6-43E4-909B-B643EF6B6964}.Debug|Any CPU.ActiveCfg = Debug|Any CPU
		{BB7F2BB5-55B6-43E4-909B-B643EF6B6964}.Debug|Any CPU.Build.0 = Debug|Any CPU
		{BB7F2BB5-55B6-43E4-909B-B643EF6B6964}.Release|Any CPU.ActiveCfg = Release|Any CPU
		{BB7F2BB5-55B6-43E4-909B-B643EF6B6964}.Release|Any CPU.Build.0 = Release|Any CPU
		{82A02C52-0D30-48F6-A19A-F03B78C6DE3F}.Debug|Any CPU.ActiveCfg = Debug|Any CPU
		{82A02C52-0D30-48F6-A19A-F03B78C6DE3F}.Debug|Any CPU.Build.0 = Debug|Any CPU
		{82A02C52-0D30-48F6-A19A-F03B78C6DE3F}.Release|Any CPU.ActiveCfg = Release|Any CPU
		{82A02C52-0D30-48F6-A19A-F03B78C6DE3F}.Release|Any CPU.Build.0 = Release|Any CPU
		{1AE1CD30-FE27-4ACF-B00F-7446A40D0623}.Debug|Any CPU.ActiveCfg = Debug|Any CPU
		{1AE1CD30-FE27-4ACF-B00F-7446A40D0623}.Debug|Any CPU.Build.0 = Debug|Any CPU
		{1AE1CD30-FE27-4ACF-B00F-7446A40D0623}.Release|Any CPU.ActiveCfg = Release|Any CPU
		{1AE1CD30-FE27-4ACF-B00F-7446A40D0623}.Release|Any CPU.Build.0 = Release|Any CPU
		{64856AF2-8495-4B8B-9CF4-5BBE1074B14D}.Debug|Any CPU.ActiveCfg = Debug|Any CPU
		{64856AF2-8495-4B8B-9CF4-5BBE1074B14D}.Debug|Any CPU.Build.0 = Debug|Any CPU
		{64856AF2-8495-4B8B-9CF4-5BBE1074B14D}.Release|Any CPU.ActiveCfg = Release|Any CPU
		{64856AF2-8495-4B8B-9CF4-5BBE1074B14D}.Release|Any CPU.Build.0 = Release|Any CPU
		{856D0B0D-8593-4BB5-A5C7-B1A6EF1A037D}.Debug|Any CPU.ActiveCfg = Debug|Any CPU
		{856D0B0D-8593-4BB5-A5C7-B1A6EF1A037D}.Debug|Any CPU.Build.0 = Debug|Any CPU
		{856D0B0D-8593-4BB5-A5C7-B1A6EF1A037D}.Release|Any CPU.ActiveCfg = Release|Any CPU
		{856D0B0D-8593-4BB5-A5C7-B1A6EF1A037D}.Release|Any CPU.Build.0 = Release|Any CPU
		{C9A46B2B-C627-4ADD-9554-29AF02D990AE}.Debug|Any CPU.ActiveCfg = Debug|Any CPU
		{C9A46B2B-C627-4ADD-9554-29AF02D990AE}.Debug|Any CPU.Build.0 = Debug|Any CPU
		{C9A46B2B-C627-4ADD-9554-29AF02D990AE}.Release|Any CPU.ActiveCfg = Release|Any CPU
		{C9A46B2B-C627-4ADD-9554-29AF02D990AE}.Release|Any CPU.Build.0 = Release|Any CPU
		{35BCD902-C265-40AC-8093-1B4E2506348C}.Debug|Any CPU.ActiveCfg = Debug|Any CPU
		{35BCD902-C265-40AC-8093-1B4E2506348C}.Debug|Any CPU.Build.0 = Debug|Any CPU
		{35BCD902-C265-40AC-8093-1B4E2506348C}.Release|Any CPU.ActiveCfg = Release|Any CPU
		{35BCD902-C265-40AC-8093-1B4E2506348C}.Release|Any CPU.Build.0 = Release|Any CPU
		{4FA41C38-7B82-47A1-B327-FF6A2B2BB95A}.Debug|Any CPU.ActiveCfg = Debug|Any CPU
		{4FA41C38-7B82-47A1-B327-FF6A2B2BB95A}.Debug|Any CPU.Build.0 = Debug|Any CPU
		{4FA41C38-7B82-47A1-B327-FF6A2B2BB95A}.Release|Any CPU.ActiveCfg = Release|Any CPU
		{4FA41C38-7B82-47A1-B327-FF6A2B2BB95A}.Release|Any CPU.Build.0 = Release|Any CPU
		{587EBA99-8237-4A63-95D6-6C6BC3F6E764}.Debug|Any CPU.ActiveCfg = Debug|Any CPU
		{587EBA99-8237-4A63-95D6-6C6BC3F6E764}.Debug|Any CPU.Build.0 = Debug|Any CPU
		{587EBA99-8237-4A63-95D6-6C6BC3F6E764}.Release|Any CPU.ActiveCfg = Release|Any CPU
		{587EBA99-8237-4A63-95D6-6C6BC3F6E764}.Release|Any CPU.Build.0 = Release|Any CPU
		{8FE4E2F2-4677-46EA-89A2-6BCC4F57D94D}.Debug|Any CPU.ActiveCfg = Debug|Any CPU
		{8FE4E2F2-4677-46EA-89A2-6BCC4F57D94D}.Debug|Any CPU.Build.0 = Debug|Any CPU
		{8FE4E2F2-4677-46EA-89A2-6BCC4F57D94D}.Release|Any CPU.ActiveCfg = Release|Any CPU
		{8FE4E2F2-4677-46EA-89A2-6BCC4F57D94D}.Release|Any CPU.Build.0 = Release|Any CPU
		{AC5A3716-A714-4DD9-959C-734A9BB9D370}.Debug|Any CPU.ActiveCfg = Debug|Any CPU
		{AC5A3716-A714-4DD9-959C-734A9BB9D370}.Debug|Any CPU.Build.0 = Debug|Any CPU
		{AC5A3716-A714-4DD9-959C-734A9BB9D370}.Release|Any CPU.ActiveCfg = Release|Any CPU
		{AC5A3716-A714-4DD9-959C-734A9BB9D370}.Release|Any CPU.Build.0 = Release|Any CPU
		{EF7F5642-F72B-4B41-887E-A01A9E29491E}.Debug|Any CPU.ActiveCfg = Debug|Any CPU
		{EF7F5642-F72B-4B41-887E-A01A9E29491E}.Debug|Any CPU.Build.0 = Debug|Any CPU
		{EF7F5642-F72B-4B41-887E-A01A9E29491E}.Release|Any CPU.ActiveCfg = Release|Any CPU
		{EF7F5642-F72B-4B41-887E-A01A9E29491E}.Release|Any CPU.Build.0 = Release|Any CPU
		{8EECE03B-BEFB-4E0A-8DF6-F00E37523FD5}.Debug|Any CPU.ActiveCfg = Debug|Any CPU
		{8EECE03B-BEFB-4E0A-8DF6-F00E37523FD5}.Debug|Any CPU.Build.0 = Debug|Any CPU
		{8EECE03B-BEFB-4E0A-8DF6-F00E37523FD5}.Release|Any CPU.ActiveCfg = Release|Any CPU
		{8EECE03B-BEFB-4E0A-8DF6-F00E37523FD5}.Release|Any CPU.Build.0 = Release|Any CPU
		{31E49A73-0DE5-4A84-872A-45E5F5888B0D}.Debug|Any CPU.ActiveCfg = Debug|Any CPU
		{31E49A73-0DE5-4A84-872A-45E5F5888B0D}.Debug|Any CPU.Build.0 = Debug|Any CPU
		{31E49A73-0DE5-4A84-872A-45E5F5888B0D}.Release|Any CPU.ActiveCfg = Release|Any CPU
		{31E49A73-0DE5-4A84-872A-45E5F5888B0D}.Release|Any CPU.Build.0 = Release|Any CPU
		{A8D7A00E-3222-4A5D-A4F4-5B94ACD4653D}.Debug|Any CPU.ActiveCfg = Debug|Any CPU
		{A8D7A00E-3222-4A5D-A4F4-5B94ACD4653D}.Debug|Any CPU.Build.0 = Debug|Any CPU
		{A8D7A00E-3222-4A5D-A4F4-5B94ACD4653D}.Release|Any CPU.ActiveCfg = Release|Any CPU
		{A8D7A00E-3222-4A5D-A4F4-5B94ACD4653D}.Release|Any CPU.Build.0 = Release|Any CPU
		{486B2DBC-720C-499F-8998-FE6B9A497731}.Debug|Any CPU.ActiveCfg = Debug|Any CPU
		{486B2DBC-720C-499F-8998-FE6B9A497731}.Debug|Any CPU.Build.0 = Debug|Any CPU
		{486B2DBC-720C-499F-8998-FE6B9A497731}.Release|Any CPU.ActiveCfg = Release|Any CPU
		{486B2DBC-720C-499F-8998-FE6B9A497731}.Release|Any CPU.Build.0 = Release|Any CPU
		{63479CE6-C339-488E-A9EC-1C4F80B2F84E}.Debug|Any CPU.ActiveCfg = Debug|Any CPU
		{63479CE6-C339-488E-A9EC-1C4F80B2F84E}.Debug|Any CPU.Build.0 = Debug|Any CPU
		{63479CE6-C339-488E-A9EC-1C4F80B2F84E}.Release|Any CPU.ActiveCfg = Release|Any CPU
		{63479CE6-C339-488E-A9EC-1C4F80B2F84E}.Release|Any CPU.Build.0 = Release|Any CPU
		{4F627BD8-0652-4C3E-8184-7002C13930BF}.Debug|Any CPU.ActiveCfg = Debug|Any CPU
		{4F627BD8-0652-4C3E-8184-7002C13930BF}.Debug|Any CPU.Build.0 = Debug|Any CPU
		{4F627BD8-0652-4C3E-8184-7002C13930BF}.Release|Any CPU.ActiveCfg = Release|Any CPU
		{4F627BD8-0652-4C3E-8184-7002C13930BF}.Release|Any CPU.Build.0 = Release|Any CPU
		{3F93AEEF-4BA7-439C-8145-CD44ADFB8FFD}.Debug|Any CPU.ActiveCfg = Debug|Any CPU
		{3F93AEEF-4BA7-439C-8145-CD44ADFB8FFD}.Debug|Any CPU.Build.0 = Debug|Any CPU
		{3F93AEEF-4BA7-439C-8145-CD44ADFB8FFD}.Release|Any CPU.ActiveCfg = Release|Any CPU
		{3F93AEEF-4BA7-439C-8145-CD44ADFB8FFD}.Release|Any CPU.Build.0 = Release|Any CPU
		{9A6F16FC-6997-4252-B880-B31DC478DAFE}.Debug|Any CPU.ActiveCfg = Debug|Any CPU
		{9A6F16FC-6997-4252-B880-B31DC478DAFE}.Debug|Any CPU.Build.0 = Debug|Any CPU
		{9A6F16FC-6997-4252-B880-B31DC478DAFE}.Release|Any CPU.ActiveCfg = Release|Any CPU
		{9A6F16FC-6997-4252-B880-B31DC478DAFE}.Release|Any CPU.Build.0 = Release|Any CPU
		{E2585396-8FD6-4A28-8601-8AAF4C4D18A8}.Debug|Any CPU.ActiveCfg = Debug|Any CPU
		{E2585396-8FD6-4A28-8601-8AAF4C4D18A8}.Debug|Any CPU.Build.0 = Debug|Any CPU
		{E2585396-8FD6-4A28-8601-8AAF4C4D18A8}.Release|Any CPU.ActiveCfg = Release|Any CPU
		{E2585396-8FD6-4A28-8601-8AAF4C4D18A8}.Release|Any CPU.Build.0 = Release|Any CPU
		{823FE5C0-7C63-4DDC-AEED-902B6A8AEF92}.Debug|Any CPU.ActiveCfg = Debug|Any CPU
		{823FE5C0-7C63-4DDC-AEED-902B6A8AEF92}.Debug|Any CPU.Build.0 = Debug|Any CPU
		{823FE5C0-7C63-4DDC-AEED-902B6A8AEF92}.Release|Any CPU.ActiveCfg = Release|Any CPU
		{823FE5C0-7C63-4DDC-AEED-902B6A8AEF92}.Release|Any CPU.Build.0 = Release|Any CPU
		{4C8D0376-6F71-4B2C-A09F-0F1FF6AD72C7}.Debug|Any CPU.ActiveCfg = Debug|Any CPU
		{4C8D0376-6F71-4B2C-A09F-0F1FF6AD72C7}.Debug|Any CPU.Build.0 = Debug|Any CPU
		{4C8D0376-6F71-4B2C-A09F-0F1FF6AD72C7}.Release|Any CPU.ActiveCfg = Release|Any CPU
		{4C8D0376-6F71-4B2C-A09F-0F1FF6AD72C7}.Release|Any CPU.Build.0 = Release|Any CPU
		{9B406794-1FBC-40C8-9C96-53AEF269C914}.Debug|Any CPU.ActiveCfg = Debug|Any CPU
		{9B406794-1FBC-40C8-9C96-53AEF269C914}.Debug|Any CPU.Build.0 = Debug|Any CPU
		{9B406794-1FBC-40C8-9C96-53AEF269C914}.Release|Any CPU.ActiveCfg = Release|Any CPU
		{9B406794-1FBC-40C8-9C96-53AEF269C914}.Release|Any CPU.Build.0 = Release|Any CPU
		{2AAA0BD4-2C43-488D-A088-A7E0473F7B7A}.Debug|Any CPU.ActiveCfg = Debug|Any CPU
		{2AAA0BD4-2C43-488D-A088-A7E0473F7B7A}.Debug|Any CPU.Build.0 = Debug|Any CPU
		{2AAA0BD4-2C43-488D-A088-A7E0473F7B7A}.Release|Any CPU.ActiveCfg = Release|Any CPU
		{2AAA0BD4-2C43-488D-A088-A7E0473F7B7A}.Release|Any CPU.Build.0 = Release|Any CPU
		{9A51C762-7DE7-4BA3-BC03-201F7A422DD8}.Debug|Any CPU.ActiveCfg = Debug|Any CPU
		{9A51C762-7DE7-4BA3-BC03-201F7A422DD8}.Debug|Any CPU.Build.0 = Debug|Any CPU
		{9A51C762-7DE7-4BA3-BC03-201F7A422DD8}.Release|Any CPU.ActiveCfg = Release|Any CPU
		{9A51C762-7DE7-4BA3-BC03-201F7A422DD8}.Release|Any CPU.Build.0 = Release|Any CPU
		{4EDD1BDC-7130-49B9-9B47-487A09EA3F51}.Debug|Any CPU.ActiveCfg = Debug|Any CPU
		{4EDD1BDC-7130-49B9-9B47-487A09EA3F51}.Debug|Any CPU.Build.0 = Debug|Any CPU
		{4EDD1BDC-7130-49B9-9B47-487A09EA3F51}.Release|Any CPU.ActiveCfg = Release|Any CPU
		{4EDD1BDC-7130-49B9-9B47-487A09EA3F51}.Release|Any CPU.Build.0 = Release|Any CPU
		{F5EA823B-F152-4CB7-87D7-C785CCC2A78F}.Debug|Any CPU.ActiveCfg = Debug|Any CPU
		{F5EA823B-F152-4CB7-87D7-C785CCC2A78F}.Debug|Any CPU.Build.0 = Debug|Any CPU
		{F5EA823B-F152-4CB7-87D7-C785CCC2A78F}.Release|Any CPU.ActiveCfg = Release|Any CPU
		{F5EA823B-F152-4CB7-87D7-C785CCC2A78F}.Release|Any CPU.Build.0 = Release|Any CPU
		{66D23390-3776-4495-BC02-D19CCD29BBB5}.Debug|Any CPU.ActiveCfg = Debug|Any CPU
		{66D23390-3776-4495-BC02-D19CCD29BBB5}.Debug|Any CPU.Build.0 = Debug|Any CPU
		{66D23390-3776-4495-BC02-D19CCD29BBB5}.Release|Any CPU.ActiveCfg = Release|Any CPU
		{66D23390-3776-4495-BC02-D19CCD29BBB5}.Release|Any CPU.Build.0 = Release|Any CPU
		{098B06F4-3A16-410A-B935-06492324D89A}.Debug|Any CPU.ActiveCfg = Debug|Any CPU
		{098B06F4-3A16-410A-B935-06492324D89A}.Debug|Any CPU.Build.0 = Debug|Any CPU
		{098B06F4-3A16-410A-B935-06492324D89A}.Release|Any CPU.ActiveCfg = Release|Any CPU
		{098B06F4-3A16-410A-B935-06492324D89A}.Release|Any CPU.Build.0 = Release|Any CPU
		{6A31E3DC-B3BE-4B78-8FBA-D6916B42B1C2}.Debug|Any CPU.ActiveCfg = Debug|Any CPU
		{6A31E3DC-B3BE-4B78-8FBA-D6916B42B1C2}.Debug|Any CPU.Build.0 = Debug|Any CPU
		{6A31E3DC-B3BE-4B78-8FBA-D6916B42B1C2}.Release|Any CPU.ActiveCfg = Release|Any CPU
		{6A31E3DC-B3BE-4B78-8FBA-D6916B42B1C2}.Release|Any CPU.Build.0 = Release|Any CPU
		{17C76B7B-A6B1-4451-8B74-A3864ED37D77}.Debug|Any CPU.ActiveCfg = Debug|Any CPU
		{17C76B7B-A6B1-4451-8B74-A3864ED37D77}.Debug|Any CPU.Build.0 = Debug|Any CPU
		{17C76B7B-A6B1-4451-8B74-A3864ED37D77}.Release|Any CPU.ActiveCfg = Release|Any CPU
		{17C76B7B-A6B1-4451-8B74-A3864ED37D77}.Release|Any CPU.Build.0 = Release|Any CPU
		{ADE9EB8F-A0DC-4D8D-B5F6-4555B7FD71A0}.Debug|Any CPU.ActiveCfg = Debug|Any CPU
		{ADE9EB8F-A0DC-4D8D-B5F6-4555B7FD71A0}.Debug|Any CPU.Build.0 = Debug|Any CPU
		{ADE9EB8F-A0DC-4D8D-B5F6-4555B7FD71A0}.Release|Any CPU.ActiveCfg = Release|Any CPU
		{ADE9EB8F-A0DC-4D8D-B5F6-4555B7FD71A0}.Release|Any CPU.Build.0 = Release|Any CPU
		{069CE81E-1AFF-4BAD-B51D-D7C38B244A10}.Debug|Any CPU.ActiveCfg = Debug|Any CPU
		{069CE81E-1AFF-4BAD-B51D-D7C38B244A10}.Debug|Any CPU.Build.0 = Debug|Any CPU
		{069CE81E-1AFF-4BAD-B51D-D7C38B244A10}.Release|Any CPU.ActiveCfg = Release|Any CPU
		{069CE81E-1AFF-4BAD-B51D-D7C38B244A10}.Release|Any CPU.Build.0 = Release|Any CPU
		{B2E38B2E-2831-4E14-B810-82A696F493AF}.Debug|Any CPU.ActiveCfg = Debug|Any CPU
		{B2E38B2E-2831-4E14-B810-82A696F493AF}.Debug|Any CPU.Build.0 = Debug|Any CPU
		{B2E38B2E-2831-4E14-B810-82A696F493AF}.Release|Any CPU.ActiveCfg = Release|Any CPU
		{B2E38B2E-2831-4E14-B810-82A696F493AF}.Release|Any CPU.Build.0 = Release|Any CPU
		{D0B89159-82E2-4C3F-8C18-B9BC2A2FCB85}.Debug|Any CPU.ActiveCfg = Debug|Any CPU
		{D0B89159-82E2-4C3F-8C18-B9BC2A2FCB85}.Debug|Any CPU.Build.0 = Debug|Any CPU
		{D0B89159-82E2-4C3F-8C18-B9BC2A2FCB85}.Release|Any CPU.ActiveCfg = Release|Any CPU
		{D0B89159-82E2-4C3F-8C18-B9BC2A2FCB85}.Release|Any CPU.Build.0 = Release|Any CPU
		{69474DF4-1B2E-44B0-BB69-366FF9ACC325}.Debug|Any CPU.ActiveCfg = Debug|Any CPU
		{69474DF4-1B2E-44B0-BB69-366FF9ACC325}.Debug|Any CPU.Build.0 = Debug|Any CPU
		{69474DF4-1B2E-44B0-BB69-366FF9ACC325}.Release|Any CPU.ActiveCfg = Release|Any CPU
		{69474DF4-1B2E-44B0-BB69-366FF9ACC325}.Release|Any CPU.Build.0 = Release|Any CPU
		{D195BBF9-0264-4D2E-858E-1F0E2EEA402A}.Debug|Any CPU.ActiveCfg = Debug|Any CPU
		{D195BBF9-0264-4D2E-858E-1F0E2EEA402A}.Debug|Any CPU.Build.0 = Debug|Any CPU
		{D195BBF9-0264-4D2E-858E-1F0E2EEA402A}.Release|Any CPU.ActiveCfg = Release|Any CPU
		{D195BBF9-0264-4D2E-858E-1F0E2EEA402A}.Release|Any CPU.Build.0 = Release|Any CPU
		{66224B82-E084-4F36-AE78-57DD798507D8}.Debug|Any CPU.ActiveCfg = Debug|Any CPU
		{66224B82-E084-4F36-AE78-57DD798507D8}.Debug|Any CPU.Build.0 = Debug|Any CPU
		{66224B82-E084-4F36-AE78-57DD798507D8}.Release|Any CPU.ActiveCfg = Release|Any CPU
		{66224B82-E084-4F36-AE78-57DD798507D8}.Release|Any CPU.Build.0 = Release|Any CPU
		{07899D51-153A-4A98-B4ED-59B66C068357}.Debug|Any CPU.ActiveCfg = Debug|Any CPU
		{07899D51-153A-4A98-B4ED-59B66C068357}.Debug|Any CPU.Build.0 = Debug|Any CPU
		{07899D51-153A-4A98-B4ED-59B66C068357}.Release|Any CPU.ActiveCfg = Release|Any CPU
		{07899D51-153A-4A98-B4ED-59B66C068357}.Release|Any CPU.Build.0 = Release|Any CPU
		{8543FBE6-F2B3-4E14-BB74-4C96566D30B9}.Debug|Any CPU.ActiveCfg = Debug|Any CPU
		{8543FBE6-F2B3-4E14-BB74-4C96566D30B9}.Debug|Any CPU.Build.0 = Debug|Any CPU
		{8543FBE6-F2B3-4E14-BB74-4C96566D30B9}.Release|Any CPU.ActiveCfg = Release|Any CPU
		{8543FBE6-F2B3-4E14-BB74-4C96566D30B9}.Release|Any CPU.Build.0 = Release|Any CPU
		{407EB28C-5377-4942-96D6-49BABF5507D3}.Debug|Any CPU.ActiveCfg = Debug|Any CPU
		{407EB28C-5377-4942-96D6-49BABF5507D3}.Debug|Any CPU.Build.0 = Debug|Any CPU
		{407EB28C-5377-4942-96D6-49BABF5507D3}.Release|Any CPU.ActiveCfg = Release|Any CPU
		{407EB28C-5377-4942-96D6-49BABF5507D3}.Release|Any CPU.Build.0 = Release|Any CPU
		{E23F09DB-81B5-4CFB-A6F0-91C8F00254FE}.Debug|Any CPU.ActiveCfg = Debug|Any CPU
		{E23F09DB-81B5-4CFB-A6F0-91C8F00254FE}.Debug|Any CPU.Build.0 = Debug|Any CPU
		{E23F09DB-81B5-4CFB-A6F0-91C8F00254FE}.Release|Any CPU.ActiveCfg = Release|Any CPU
		{E23F09DB-81B5-4CFB-A6F0-91C8F00254FE}.Release|Any CPU.Build.0 = Release|Any CPU
		{029BD735-A1AA-4F74-BDFC-67E2573AA2D4}.Debug|Any CPU.ActiveCfg = Debug|Any CPU
		{029BD735-A1AA-4F74-BDFC-67E2573AA2D4}.Debug|Any CPU.Build.0 = Debug|Any CPU
		{029BD735-A1AA-4F74-BDFC-67E2573AA2D4}.Release|Any CPU.ActiveCfg = Release|Any CPU
		{029BD735-A1AA-4F74-BDFC-67E2573AA2D4}.Release|Any CPU.Build.0 = Release|Any CPU
		{657CD3F4-EA86-4F19-AA3D-821B07E3E2AE}.Debug|Any CPU.ActiveCfg = Debug|Any CPU
		{657CD3F4-EA86-4F19-AA3D-821B07E3E2AE}.Debug|Any CPU.Build.0 = Debug|Any CPU
		{657CD3F4-EA86-4F19-AA3D-821B07E3E2AE}.Release|Any CPU.ActiveCfg = Release|Any CPU
		{657CD3F4-EA86-4F19-AA3D-821B07E3E2AE}.Release|Any CPU.Build.0 = Release|Any CPU
		{15A51A15-80DC-4AB5-967E-0CD39AE2CBDC}.Debug|Any CPU.ActiveCfg = Debug|Any CPU
		{15A51A15-80DC-4AB5-967E-0CD39AE2CBDC}.Debug|Any CPU.Build.0 = Debug|Any CPU
		{15A51A15-80DC-4AB5-967E-0CD39AE2CBDC}.Release|Any CPU.ActiveCfg = Release|Any CPU
		{15A51A15-80DC-4AB5-967E-0CD39AE2CBDC}.Release|Any CPU.Build.0 = Release|Any CPU
		{5F6C5489-FCAE-404C-A95A-7C967596AC1C}.Debug|Any CPU.ActiveCfg = Debug|Any CPU
		{5F6C5489-FCAE-404C-A95A-7C967596AC1C}.Debug|Any CPU.Build.0 = Debug|Any CPU
		{5F6C5489-FCAE-404C-A95A-7C967596AC1C}.Release|Any CPU.ActiveCfg = Release|Any CPU
		{5F6C5489-FCAE-404C-A95A-7C967596AC1C}.Release|Any CPU.Build.0 = Release|Any CPU
		{4D3DB7D0-665F-437E-A2F6-7B934D3C131A}.Debug|Any CPU.ActiveCfg = Debug|Any CPU
		{4D3DB7D0-665F-437E-A2F6-7B934D3C131A}.Debug|Any CPU.Build.0 = Debug|Any CPU
		{4D3DB7D0-665F-437E-A2F6-7B934D3C131A}.Release|Any CPU.ActiveCfg = Release|Any CPU
		{4D3DB7D0-665F-437E-A2F6-7B934D3C131A}.Release|Any CPU.Build.0 = Release|Any CPU
		{5D80F1FB-8C62-4454-861B-DD0BBE29B556}.Debug|Any CPU.ActiveCfg = Debug|Any CPU
		{5D80F1FB-8C62-4454-861B-DD0BBE29B556}.Debug|Any CPU.Build.0 = Debug|Any CPU
		{5D80F1FB-8C62-4454-861B-DD0BBE29B556}.Release|Any CPU.ActiveCfg = Release|Any CPU
		{5D80F1FB-8C62-4454-861B-DD0BBE29B556}.Release|Any CPU.Build.0 = Release|Any CPU
		{A363BBD7-DD42-4A3B-BB26-893A7A182BC4}.Debug|Any CPU.ActiveCfg = Debug|Any CPU
		{A363BBD7-DD42-4A3B-BB26-893A7A182BC4}.Debug|Any CPU.Build.0 = Debug|Any CPU
		{A363BBD7-DD42-4A3B-BB26-893A7A182BC4}.Release|Any CPU.ActiveCfg = Release|Any CPU
		{A363BBD7-DD42-4A3B-BB26-893A7A182BC4}.Release|Any CPU.Build.0 = Release|Any CPU
		{CC32B3E8-80B3-4EF0-BD39-F39D80F714C9}.Debug|Any CPU.ActiveCfg = Debug|Any CPU
		{CC32B3E8-80B3-4EF0-BD39-F39D80F714C9}.Debug|Any CPU.Build.0 = Debug|Any CPU
		{CC32B3E8-80B3-4EF0-BD39-F39D80F714C9}.Release|Any CPU.ActiveCfg = Release|Any CPU
		{CC32B3E8-80B3-4EF0-BD39-F39D80F714C9}.Release|Any CPU.Build.0 = Release|Any CPU
		{487F6B64-E536-4817-9C21-389521B89783}.Debug|Any CPU.ActiveCfg = Debug|Any CPU
		{487F6B64-E536-4817-9C21-389521B89783}.Debug|Any CPU.Build.0 = Debug|Any CPU
		{487F6B64-E536-4817-9C21-389521B89783}.Release|Any CPU.ActiveCfg = Release|Any CPU
		{487F6B64-E536-4817-9C21-389521B89783}.Release|Any CPU.Build.0 = Release|Any CPU
		{EAA5E580-F095-4CCD-96E8-C27ED872343D}.Debug|Any CPU.ActiveCfg = Debug|Any CPU
		{EAA5E580-F095-4CCD-96E8-C27ED872343D}.Debug|Any CPU.Build.0 = Debug|Any CPU
		{EAA5E580-F095-4CCD-96E8-C27ED872343D}.Release|Any CPU.ActiveCfg = Release|Any CPU
		{EAA5E580-F095-4CCD-96E8-C27ED872343D}.Release|Any CPU.Build.0 = Release|Any CPU
		{BFFAF8DD-7C80-477A-B0BA-DA4CCD3C651D}.Debug|Any CPU.ActiveCfg = Debug|Any CPU
		{BFFAF8DD-7C80-477A-B0BA-DA4CCD3C651D}.Debug|Any CPU.Build.0 = Debug|Any CPU
		{BFFAF8DD-7C80-477A-B0BA-DA4CCD3C651D}.Release|Any CPU.ActiveCfg = Release|Any CPU
		{BFFAF8DD-7C80-477A-B0BA-DA4CCD3C651D}.Release|Any CPU.Build.0 = Release|Any CPU
		{0431C73F-1490-49FE-BC85-A1CC57272C66}.Debug|Any CPU.ActiveCfg = Debug|Any CPU
		{0431C73F-1490-49FE-BC85-A1CC57272C66}.Debug|Any CPU.Build.0 = Debug|Any CPU
		{0431C73F-1490-49FE-BC85-A1CC57272C66}.Release|Any CPU.ActiveCfg = Release|Any CPU
		{0431C73F-1490-49FE-BC85-A1CC57272C66}.Release|Any CPU.Build.0 = Release|Any CPU
		{4E9FC521-C8BC-40F0-ABD0-01F3F9238BFD}.Debug|Any CPU.ActiveCfg = Debug|Any CPU
		{4E9FC521-C8BC-40F0-ABD0-01F3F9238BFD}.Debug|Any CPU.Build.0 = Debug|Any CPU
		{4E9FC521-C8BC-40F0-ABD0-01F3F9238BFD}.Release|Any CPU.ActiveCfg = Release|Any CPU
		{4E9FC521-C8BC-40F0-ABD0-01F3F9238BFD}.Release|Any CPU.Build.0 = Release|Any CPU
		{686A03F4-615E-4904-9AFC-A22DF9D7534F}.Debug|Any CPU.ActiveCfg = Debug|Any CPU
		{686A03F4-615E-4904-9AFC-A22DF9D7534F}.Debug|Any CPU.Build.0 = Debug|Any CPU
		{686A03F4-615E-4904-9AFC-A22DF9D7534F}.Release|Any CPU.ActiveCfg = Release|Any CPU
		{686A03F4-615E-4904-9AFC-A22DF9D7534F}.Release|Any CPU.Build.0 = Release|Any CPU
		{2C121089-3A46-4919-A526-E51E8579BA6A}.Debug|Any CPU.ActiveCfg = Debug|Any CPU
		{2C121089-3A46-4919-A526-E51E8579BA6A}.Debug|Any CPU.Build.0 = Debug|Any CPU
		{2C121089-3A46-4919-A526-E51E8579BA6A}.Release|Any CPU.ActiveCfg = Release|Any CPU
		{2C121089-3A46-4919-A526-E51E8579BA6A}.Release|Any CPU.Build.0 = Release|Any CPU
		{86C3B35B-680A-4F51-8D61-A6F78AF51F67}.Debug|Any CPU.ActiveCfg = Debug|Any CPU
		{86C3B35B-680A-4F51-8D61-A6F78AF51F67}.Debug|Any CPU.Build.0 = Debug|Any CPU
		{86C3B35B-680A-4F51-8D61-A6F78AF51F67}.Release|Any CPU.ActiveCfg = Release|Any CPU
		{86C3B35B-680A-4F51-8D61-A6F78AF51F67}.Release|Any CPU.Build.0 = Release|Any CPU
		{3B5E9CC3-6841-4BD3-BAC2-3042A2FEEAD7}.Debug|Any CPU.ActiveCfg = Debug|Any CPU
		{3B5E9CC3-6841-4BD3-BAC2-3042A2FEEAD7}.Debug|Any CPU.Build.0 = Debug|Any CPU
		{3B5E9CC3-6841-4BD3-BAC2-3042A2FEEAD7}.Release|Any CPU.ActiveCfg = Release|Any CPU
		{3B5E9CC3-6841-4BD3-BAC2-3042A2FEEAD7}.Release|Any CPU.Build.0 = Release|Any CPU
		{98595793-E8CC-44FB-94B0-A08C2577D974}.Debug|Any CPU.ActiveCfg = Debug|Any CPU
		{98595793-E8CC-44FB-94B0-A08C2577D974}.Debug|Any CPU.Build.0 = Debug|Any CPU
		{98595793-E8CC-44FB-94B0-A08C2577D974}.Release|Any CPU.ActiveCfg = Release|Any CPU
		{98595793-E8CC-44FB-94B0-A08C2577D974}.Release|Any CPU.Build.0 = Release|Any CPU
		{66AD9853-E66F-4DB7-8904-54315454E239}.Debug|Any CPU.ActiveCfg = Debug|Any CPU
		{66AD9853-E66F-4DB7-8904-54315454E239}.Debug|Any CPU.Build.0 = Debug|Any CPU
		{66AD9853-E66F-4DB7-8904-54315454E239}.Release|Any CPU.ActiveCfg = Release|Any CPU
		{66AD9853-E66F-4DB7-8904-54315454E239}.Release|Any CPU.Build.0 = Release|Any CPU
		{E6873E8C-CA8B-4742-BC2C-205CED0ADB56}.Debug|Any CPU.ActiveCfg = Debug|Any CPU
		{E6873E8C-CA8B-4742-BC2C-205CED0ADB56}.Debug|Any CPU.Build.0 = Debug|Any CPU
		{E6873E8C-CA8B-4742-BC2C-205CED0ADB56}.Release|Any CPU.ActiveCfg = Release|Any CPU
		{E6873E8C-CA8B-4742-BC2C-205CED0ADB56}.Release|Any CPU.Build.0 = Release|Any CPU
		{424F18EB-AD2C-4D34-8A51-7A5EAAB38A18}.Debug|Any CPU.ActiveCfg = Debug|Any CPU
		{424F18EB-AD2C-4D34-8A51-7A5EAAB38A18}.Debug|Any CPU.Build.0 = Debug|Any CPU
		{424F18EB-AD2C-4D34-8A51-7A5EAAB38A18}.Release|Any CPU.ActiveCfg = Release|Any CPU
		{424F18EB-AD2C-4D34-8A51-7A5EAAB38A18}.Release|Any CPU.Build.0 = Release|Any CPU
		{B3763813-8BC0-4D4C-9889-9D31321301D4}.Debug|Any CPU.ActiveCfg = Debug|Any CPU
		{B3763813-8BC0-4D4C-9889-9D31321301D4}.Debug|Any CPU.Build.0 = Debug|Any CPU
		{B3763813-8BC0-4D4C-9889-9D31321301D4}.Release|Any CPU.ActiveCfg = Release|Any CPU
		{B3763813-8BC0-4D4C-9889-9D31321301D4}.Release|Any CPU.Build.0 = Release|Any CPU
		{B2E6B077-C327-4B68-B21C-938F0DA3FC0F}.Debug|Any CPU.ActiveCfg = Debug|Any CPU
		{B2E6B077-C327-4B68-B21C-938F0DA3FC0F}.Debug|Any CPU.Build.0 = Debug|Any CPU
		{B2E6B077-C327-4B68-B21C-938F0DA3FC0F}.Release|Any CPU.ActiveCfg = Release|Any CPU
		{B2E6B077-C327-4B68-B21C-938F0DA3FC0F}.Release|Any CPU.Build.0 = Release|Any CPU
		{0312571D-C6AF-4C21-A201-6BF3F89E3079}.Debug|Any CPU.ActiveCfg = Debug|Any CPU
		{0312571D-C6AF-4C21-A201-6BF3F89E3079}.Debug|Any CPU.Build.0 = Debug|Any CPU
		{0312571D-C6AF-4C21-A201-6BF3F89E3079}.Release|Any CPU.ActiveCfg = Release|Any CPU
		{0312571D-C6AF-4C21-A201-6BF3F89E3079}.Release|Any CPU.Build.0 = Release|Any CPU
		{EEDBF2B7-B9BF-454F-85EB-BE5965895D98}.Debug|Any CPU.ActiveCfg = Debug|Any CPU
		{EEDBF2B7-B9BF-454F-85EB-BE5965895D98}.Debug|Any CPU.Build.0 = Debug|Any CPU
		{EEDBF2B7-B9BF-454F-85EB-BE5965895D98}.Release|Any CPU.ActiveCfg = Release|Any CPU
		{EEDBF2B7-B9BF-454F-85EB-BE5965895D98}.Release|Any CPU.Build.0 = Release|Any CPU
		{1FE0EE8C-C7B3-422A-8167-5C11B3D8230A}.Debug|Any CPU.ActiveCfg = Debug|Any CPU
		{1FE0EE8C-C7B3-422A-8167-5C11B3D8230A}.Debug|Any CPU.Build.0 = Debug|Any CPU
		{1FE0EE8C-C7B3-422A-8167-5C11B3D8230A}.Release|Any CPU.ActiveCfg = Release|Any CPU
		{1FE0EE8C-C7B3-422A-8167-5C11B3D8230A}.Release|Any CPU.Build.0 = Release|Any CPU
		{A721B548-ABF9-4545-9820-5004D0EEE098}.Debug|Any CPU.ActiveCfg = Debug|Any CPU
		{A721B548-ABF9-4545-9820-5004D0EEE098}.Debug|Any CPU.Build.0 = Debug|Any CPU
		{A721B548-ABF9-4545-9820-5004D0EEE098}.Release|Any CPU.ActiveCfg = Release|Any CPU
		{A721B548-ABF9-4545-9820-5004D0EEE098}.Release|Any CPU.Build.0 = Release|Any CPU
		{96A03E6F-7513-4454-9507-46DDC6A56143}.Debug|Any CPU.ActiveCfg = Debug|Any CPU
		{96A03E6F-7513-4454-9507-46DDC6A56143}.Debug|Any CPU.Build.0 = Debug|Any CPU
		{96A03E6F-7513-4454-9507-46DDC6A56143}.Release|Any CPU.ActiveCfg = Release|Any CPU
		{96A03E6F-7513-4454-9507-46DDC6A56143}.Release|Any CPU.Build.0 = Release|Any CPU
		{4C5CDCE0-F275-421F-B466-67E86F4C8736}.Debug|Any CPU.ActiveCfg = Debug|Any CPU
		{4C5CDCE0-F275-421F-B466-67E86F4C8736}.Debug|Any CPU.Build.0 = Debug|Any CPU
		{4C5CDCE0-F275-421F-B466-67E86F4C8736}.Release|Any CPU.ActiveCfg = Release|Any CPU
		{4C5CDCE0-F275-421F-B466-67E86F4C8736}.Release|Any CPU.Build.0 = Release|Any CPU
		{9B1A0D83-553C-4A75-93A3-A81BA5B9BD03}.Debug|Any CPU.ActiveCfg = Debug|Any CPU
		{9B1A0D83-553C-4A75-93A3-A81BA5B9BD03}.Debug|Any CPU.Build.0 = Debug|Any CPU
		{9B1A0D83-553C-4A75-93A3-A81BA5B9BD03}.Release|Any CPU.ActiveCfg = Release|Any CPU
		{9B1A0D83-553C-4A75-93A3-A81BA5B9BD03}.Release|Any CPU.Build.0 = Release|Any CPU
		{A8A2772E-A578-4195-8615-69DE67C01237}.Debug|Any CPU.ActiveCfg = Debug|Any CPU
		{A8A2772E-A578-4195-8615-69DE67C01237}.Debug|Any CPU.Build.0 = Debug|Any CPU
		{A8A2772E-A578-4195-8615-69DE67C01237}.Release|Any CPU.ActiveCfg = Release|Any CPU
		{A8A2772E-A578-4195-8615-69DE67C01237}.Release|Any CPU.Build.0 = Release|Any CPU
		{0BCC63A9-01DF-44CC-9F45-3D514753604B}.Debug|Any CPU.ActiveCfg = Debug|Any CPU
		{0BCC63A9-01DF-44CC-9F45-3D514753604B}.Debug|Any CPU.Build.0 = Debug|Any CPU
		{0BCC63A9-01DF-44CC-9F45-3D514753604B}.Release|Any CPU.ActiveCfg = Release|Any CPU
		{0BCC63A9-01DF-44CC-9F45-3D514753604B}.Release|Any CPU.Build.0 = Release|Any CPU
	EndGlobalSection
	GlobalSection(SolutionProperties) = preSolution
		HideSolutionNode = FALSE
	EndGlobalSection
	GlobalSection(NestedProjects) = preSolution
		{C0BDD3E5-6D7A-449B-99A1-4B303DA283E8} = {644C238B-C0D0-43E3-9C80-2E63DD35ED53}
		{BB7F2BB5-55B6-43E4-909B-B643EF6B6964} = {644C238B-C0D0-43E3-9C80-2E63DD35ED53}
		{82A02C52-0D30-48F6-A19A-F03B78C6DE3F} = {CD03853D-299C-4AE4-BD3B-7AF72C559180}
		{1AE1CD30-FE27-4ACF-B00F-7446A40D0623} = {81E88A88-2028-4037-B32C-0894A7072398}
		{64856AF2-8495-4B8B-9CF4-5BBE1074B14D} = {31039423-2842-4893-8986-E030AA002F29}
		{856D0B0D-8593-4BB5-A5C7-B1A6EF1A037D} = {5D02923D-C5F6-4E9C-BA51-F39D0BEAADB9}
		{C9A46B2B-C627-4ADD-9554-29AF02D990AE} = {CD03853D-299C-4AE4-BD3B-7AF72C559180}
		{35BCD902-C265-40AC-8093-1B4E2506348C} = {5D02923D-C5F6-4E9C-BA51-F39D0BEAADB9}
		{4FA41C38-7B82-47A1-B327-FF6A2B2BB95A} = {31039423-2842-4893-8986-E030AA002F29}
		{587EBA99-8237-4A63-95D6-6C6BC3F6E764} = {DD6B1CE6-B86A-4123-94B7-E1DF57C5E06F}
		{8FE4E2F2-4677-46EA-89A2-6BCC4F57D94D} = {DD6B1CE6-B86A-4123-94B7-E1DF57C5E06F}
		{AC5A3716-A714-4DD9-959C-734A9BB9D370} = {CF0E51C4-5FE7-47A4-8A44-11F2EB76527A}
		{EF7F5642-F72B-4B41-887E-A01A9E29491E} = {2FEC6FDB-9FA7-4A94-905E-5A4ADA738536}
		{8EECE03B-BEFB-4E0A-8DF6-F00E37523FD5} = {2FEC6FDB-9FA7-4A94-905E-5A4ADA738536}
		{31E49A73-0DE5-4A84-872A-45E5F5888B0D} = {CF0E51C4-5FE7-47A4-8A44-11F2EB76527A}
		{A8D7A00E-3222-4A5D-A4F4-5B94ACD4653D} = {447729C9-E92B-46C6-9083-93F8FC12379D}
		{486B2DBC-720C-499F-8998-FE6B9A497731} = {447729C9-E92B-46C6-9083-93F8FC12379D}
		{447729C9-E92B-46C6-9083-93F8FC12379D} = {14359A71-2B4E-49C5-A6D4-7962E0D2131E}
		{81E88A88-2028-4037-B32C-0894A7072398} = {14359A71-2B4E-49C5-A6D4-7962E0D2131E}
		{63479CE6-C339-488E-A9EC-1C4F80B2F84E} = {DF928243-9876-418D-BD29-7A9A399B4758}
		{4F627BD8-0652-4C3E-8184-7002C13930BF} = {30200F3C-AE8C-423A-89A5-57CA9F21C2A6}
		{31039423-2842-4893-8986-E030AA002F29} = {14359A71-2B4E-49C5-A6D4-7962E0D2131E}
		{3F93AEEF-4BA7-439C-8145-CD44ADFB8FFD} = {DF928243-9876-418D-BD29-7A9A399B4758}
		{A4630A3E-4127-4885-85F5-E30F8D669DD9} = {EB06CFFA-D1EC-4B74-9D96-5B9B197E9B0A}
		{9A6F16FC-6997-4252-B880-B31DC478DAFE} = {A4630A3E-4127-4885-85F5-E30F8D669DD9}
		{E2585396-8FD6-4A28-8601-8AAF4C4D18A8} = {A4630A3E-4127-4885-85F5-E30F8D669DD9}
		{823FE5C0-7C63-4DDC-AEED-902B6A8AEF92} = {A4630A3E-4127-4885-85F5-E30F8D669DD9}
		{4C8D0376-6F71-4B2C-A09F-0F1FF6AD72C7} = {A4630A3E-4127-4885-85F5-E30F8D669DD9}
		{2FEC6FDB-9FA7-4A94-905E-5A4ADA738536} = {14359A71-2B4E-49C5-A6D4-7962E0D2131E}
		{9B406794-1FBC-40C8-9C96-53AEF269C914} = {30200F3C-AE8C-423A-89A5-57CA9F21C2A6}
		{30200F3C-AE8C-423A-89A5-57CA9F21C2A6} = {644C238B-C0D0-43E3-9C80-2E63DD35ED53}
		{DD6B1CE6-B86A-4123-94B7-E1DF57C5E06F} = {14359A71-2B4E-49C5-A6D4-7962E0D2131E}
		{5D02923D-C5F6-4E9C-BA51-F39D0BEAADB9} = {14359A71-2B4E-49C5-A6D4-7962E0D2131E}
		{CF0E51C4-5FE7-47A4-8A44-11F2EB76527A} = {14359A71-2B4E-49C5-A6D4-7962E0D2131E}
		{CD03853D-299C-4AE4-BD3B-7AF72C559180} = {14359A71-2B4E-49C5-A6D4-7962E0D2131E}
		{2AAA0BD4-2C43-488D-A088-A7E0473F7B7A} = {A4630A3E-4127-4885-85F5-E30F8D669DD9}
		{02EA681E-C7D8-13C7-8484-4AC65E1B71E8} = {EB06CFFA-D1EC-4B74-9D96-5B9B197E9B0A}
		{9A51C762-7DE7-4BA3-BC03-201F7A422DD8} = {02EA681E-C7D8-13C7-8484-4AC65E1B71E8}
		{4EDD1BDC-7130-49B9-9B47-487A09EA3F51} = {02EA681E-C7D8-13C7-8484-4AC65E1B71E8}
		{F5EA823B-F152-4CB7-87D7-C785CCC2A78F} = {02EA681E-C7D8-13C7-8484-4AC65E1B71E8}
		{66D23390-3776-4495-BC02-D19CCD29BBB5} = {02EA681E-C7D8-13C7-8484-4AC65E1B71E8}
		{3A923FE2-8FAF-42DB-9F5D-56314C0CB8D0} = {02EA681E-C7D8-13C7-8484-4AC65E1B71E8}
		{098B06F4-3A16-410A-B935-06492324D89A} = {3A923FE2-8FAF-42DB-9F5D-56314C0CB8D0}
		{6A31E3DC-B3BE-4B78-8FBA-D6916B42B1C2} = {F8408367-8CF0-4D9F-97C5-DAE40A56E26B}
		{17C76B7B-A6B1-4451-8B74-A3864ED37D77} = {644C238B-C0D0-43E3-9C80-2E63DD35ED53}
		{ADE9EB8F-A0DC-4D8D-B5F6-4555B7FD71A0} = {A4630A3E-4127-4885-85F5-E30F8D669DD9}
		{069CE81E-1AFF-4BAD-B51D-D7C38B244A10} = {02EA681E-C7D8-13C7-8484-4AC65E1B71E8}
		{F8408367-8CF0-4D9F-97C5-DAE40A56E26B} = {14359A71-2B4E-49C5-A6D4-7962E0D2131E}
		{B2E38B2E-2831-4E14-B810-82A696F493AF} = {D87182D4-51D3-4D8D-93C5-BD95E79336FF}
		{22668DA6-4E17-4479-AF71-1C521024B9CB} = {14359A71-2B4E-49C5-A6D4-7962E0D2131E}
		{D0B89159-82E2-4C3F-8C18-B9BC2A2FCB85} = {22668DA6-4E17-4479-AF71-1C521024B9CB}
		{69474DF4-1B2E-44B0-BB69-366FF9ACC325} = {22668DA6-4E17-4479-AF71-1C521024B9CB}
		{EBD97B04-5D3D-45CB-A371-ABADF6BE1121} = {14359A71-2B4E-49C5-A6D4-7962E0D2131E}
		{D195BBF9-0264-4D2E-858E-1F0E2EEA402A} = {EBD97B04-5D3D-45CB-A371-ABADF6BE1121}
		{66224B82-E084-4F36-AE78-57DD798507D8} = {EBD97B04-5D3D-45CB-A371-ABADF6BE1121}
		{D6E27639-F7FC-44B1-9D3B-D3F559B52554} = {14359A71-2B4E-49C5-A6D4-7962E0D2131E}
		{07899D51-153A-4A98-B4ED-59B66C068357} = {D6E27639-F7FC-44B1-9D3B-D3F559B52554}
		{8543FBE6-F2B3-4E14-BB74-4C96566D30B9} = {D6E27639-F7FC-44B1-9D3B-D3F559B52554}
		{407EB28C-5377-4942-96D6-49BABF5507D3} = {DF928243-9876-418D-BD29-7A9A399B4758}
		{F02B6426-F46E-4034-914A-469816357EEE} = {EB06CFFA-D1EC-4B74-9D96-5B9B197E9B0A}
		{E23F09DB-81B5-4CFB-A6F0-91C8F00254FE} = {F02B6426-F46E-4034-914A-469816357EEE}
		{029BD735-A1AA-4F74-BDFC-67E2573AA2D4} = {F02B6426-F46E-4034-914A-469816357EEE}
		{657CD3F4-EA86-4F19-AA3D-821B07E3E2AE} = {F02B6426-F46E-4034-914A-469816357EEE}
		{15A51A15-80DC-4AB5-967E-0CD39AE2CBDC} = {F02B6426-F46E-4034-914A-469816357EEE}
		{5F6C5489-FCAE-404C-A95A-7C967596AC1C} = {F02B6426-F46E-4034-914A-469816357EEE}
		{4D3DB7D0-665F-437E-A2F6-7B934D3C131A} = {F02B6426-F46E-4034-914A-469816357EEE}
		{5D80F1FB-8C62-4454-861B-DD0BBE29B556} = {3A923FE2-8FAF-42DB-9F5D-56314C0CB8D0}
		{A363BBD7-DD42-4A3B-BB26-893A7A182BC4} = {81E88A88-2028-4037-B32C-0894A7072398}
		{695E00FA-7B51-4DA5-BD31-D8460C7D2A5D} = {14359A71-2B4E-49C5-A6D4-7962E0D2131E}
		{CC32B3E8-80B3-4EF0-BD39-F39D80F714C9} = {695E00FA-7B51-4DA5-BD31-D8460C7D2A5D}
		{487F6B64-E536-4817-9C21-389521B89783} = {695E00FA-7B51-4DA5-BD31-D8460C7D2A5D}
		{FC5AA9EC-7A2C-4385-A301-BBC486A538F3} = {14359A71-2B4E-49C5-A6D4-7962E0D2131E}
		{EAA5E580-F095-4CCD-96E8-C27ED872343D} = {FC5AA9EC-7A2C-4385-A301-BBC486A538F3}
		{BFFAF8DD-7C80-477A-B0BA-DA4CCD3C651D} = {FC5AA9EC-7A2C-4385-A301-BBC486A538F3}
		{B1BF13F7-8786-49EE-857E-8D9515FE245F} = {EB06CFFA-D1EC-4B74-9D96-5B9B197E9B0A}
		{93FB0576-CB99-48BF-9A9B-A287B3DA4AD3} = {B1BF13F7-8786-49EE-857E-8D9515FE245F}
		{0431C73F-1490-49FE-BC85-A1CC57272C66} = {93FB0576-CB99-48BF-9A9B-A287B3DA4AD3}
		{4E9FC521-C8BC-40F0-ABD0-01F3F9238BFD} = {93FB0576-CB99-48BF-9A9B-A287B3DA4AD3}
		{686A03F4-615E-4904-9AFC-A22DF9D7534F} = {93FB0576-CB99-48BF-9A9B-A287B3DA4AD3}
		{2C121089-3A46-4919-A526-E51E8579BA6A} = {93FB0576-CB99-48BF-9A9B-A287B3DA4AD3}
		{86C3B35B-680A-4F51-8D61-A6F78AF51F67} = {93FB0576-CB99-48BF-9A9B-A287B3DA4AD3}
		{3B5E9CC3-6841-4BD3-BAC2-3042A2FEEAD7} = {93FB0576-CB99-48BF-9A9B-A287B3DA4AD3}
		{98595793-E8CC-44FB-94B0-A08C2577D974} = {93FB0576-CB99-48BF-9A9B-A287B3DA4AD3}
		{8B678334-2475-4FE5-BDD4-07E6EB359F9A} = {93FB0576-CB99-48BF-9A9B-A287B3DA4AD3}
		{66AD9853-E66F-4DB7-8904-54315454E239} = {8B678334-2475-4FE5-BDD4-07E6EB359F9A}
		{E6873E8C-CA8B-4742-BC2C-205CED0ADB56} = {8B678334-2475-4FE5-BDD4-07E6EB359F9A}
		{E343CF2D-E0C1-48F6-BCAE-2883984EB1A4} = {93FB0576-CB99-48BF-9A9B-A287B3DA4AD3}
		{424F18EB-AD2C-4D34-8A51-7A5EAAB38A18} = {E343CF2D-E0C1-48F6-BCAE-2883984EB1A4}
		{B3763813-8BC0-4D4C-9889-9D31321301D4} = {E343CF2D-E0C1-48F6-BCAE-2883984EB1A4}
		{B2E6B077-C327-4B68-B21C-938F0DA3FC0F} = {8B678334-2475-4FE5-BDD4-07E6EB359F9A}
		{0312571D-C6AF-4C21-A201-6BF3F89E3079} = {8B678334-2475-4FE5-BDD4-07E6EB359F9A}
		{EEDBF2B7-B9BF-454F-85EB-BE5965895D98} = {9CABB0E8-57A8-45C2-91CA-9682DE86BBC0}
		{1FE0EE8C-C7B3-422A-8167-5C11B3D8230A} = {2FEC6FDB-9FA7-4A94-905E-5A4ADA738536}
		{A721B548-ABF9-4545-9820-5004D0EEE098} = {2FEC6FDB-9FA7-4A94-905E-5A4ADA738536}
		{96A03E6F-7513-4454-9507-46DDC6A56143} = {2FEC6FDB-9FA7-4A94-905E-5A4ADA738536}
		{0A1C74FD-C500-459C-851C-701C4CB1DB9F} = {14359A71-2B4E-49C5-A6D4-7962E0D2131E}
		{4C5CDCE0-F275-421F-B466-67E86F4C8736} = {0A1C74FD-C500-459C-851C-701C4CB1DB9F}
		{9B1A0D83-553C-4A75-93A3-A81BA5B9BD03} = {0A1C74FD-C500-459C-851C-701C4CB1DB9F}
		{A8A2772E-A578-4195-8615-69DE67C01237} = {81E88A88-2028-4037-B32C-0894A7072398}
		{0BCC63A9-01DF-44CC-9F45-3D514753604B} = {81E88A88-2028-4037-B32C-0894A7072398}
	EndGlobalSection
	GlobalSection(ExtensibilityGlobals) = postSolution
		SolutionGuid = {57E9A443-C4F6-4D77-AEA8-F7D953811002}
	EndGlobalSection
EndGlobal
